
Microsoft Visual Studio Solution File, Format Version 12.00
# Visual Studio Version 17
VisualStudioVersion = 17.13.35806.99 d17.13
MinimumVisualStudioVersion = 10.0.40219.1
Project("{FAE04EC0-301F-11D3-BF4B-00C04F79EFBC}") = "University_Enrollment_System", "University_Enrollment_System\University_Enrollment_System.csproj", "{7C0D4635-4247-4E80-817D-37579385BC9A}"
EndProject
Global
	GlobalSection(SolutionConfigurationPlatforms) = preSolution
		Debug|Any CPU = Debug|Any CPU
		Release|Any CPU = Release|Any CPU
	EndGlobalSection
	GlobalSection(ProjectConfigurationPlatforms) = postSolution
		{7C0D4635-4247-4E80-817D-37579385BC9A}.Debug|Any CPU.ActiveCfg = Debug|Any CPU
		{7C0D4635-4247-4E80-817D-37579385BC9A}.Debug|Any CPU.Build.0 = Debug|Any CPU
		{7C0D4635-4247-4E80-817D-37579385BC9A}.Release|Any CPU.ActiveCfg = Release|Any CPU
		{7C0D4635-4247-4E80-817D-37579385BC9A}.Release|Any CPU.Build.0 = Release|Any CPU
	EndGlobalSection
	GlobalSection(SolutionProperties) = preSolution
		HideSolutionNode = FALSE
	EndGlobalSection
	GlobalSection(ExtensibilityGlobals) = postSolution
		SolutionGuid = {7FAA6EDB-4C1D-46CF-AFC7-46B31DDEAC4D}
	EndGlobalSection
EndGlobal
